// !$*UTF8*$!
{
	archiveVersion = 1;
	classes = {
	};
	objectVersion = 46;
	objects = {

/* Begin PBXBuildFile section */
		6B66D30D1C3B8AAE00D4092F /* AppDelegate.swift in Sources */ = {isa = PBXBuildFile; fileRef = 6B66D30C1C3B8AAE00D4092F /* AppDelegate.swift */; };
		6B66D30F1C3B8AAE00D4092F /* ViewController.swift in Sources */ = {isa = PBXBuildFile; fileRef = 6B66D30E1C3B8AAE00D4092F /* ViewController.swift */; };
		6B66D3121C3B8AAF00D4092F /* Main.storyboard in Resources */ = {isa = PBXBuildFile; fileRef = 6B66D3101C3B8AAF00D4092F /* Main.storyboard */; };
		6B66D3141C3B8AAF00D4092F /* Assets.xcassets in Resources */ = {isa = PBXBuildFile; fileRef = 6B66D3131C3B8AAF00D4092F /* Assets.xcassets */; };
		6B66D3171C3B8AAF00D4092F /* LaunchScreen.storyboard in Resources */ = {isa = PBXBuildFile; fileRef = 6B66D3151C3B8AAF00D4092F /* LaunchScreen.storyboard */; };
/* End PBXBuildFile section */

/* Begin PBXFileReference section */
		6B66D3091C3B8AAE00D4092F /* SwiftUIAlertController.app */ = {isa = PBXFileReference; explicitFileType = wrapper.application; includeInIndex = 0; path = SwiftUIAlertController.app; sourceTree = BUILT_PRODUCTS_DIR; };
		6B66D30C1C3B8AAE00D4092F /* AppDelegate.swift */ = {isa = PBXFileReference; lastKnownFileType = sourcecode.swift; path = AppDelegate.swift; sourceTree = "<group>"; };
		6B66D30E1C3B8AAE00D4092F /* ViewController.swift */ = {isa = PBXFileReference; lastKnownFileType = sourcecode.swift; path = ViewController.swift; sourceTree = "<group>"; };
		6B66D3111C3B8AAF00D4092F /* Base */ = {isa = PBXFileReference; lastKnownFileType = file.storyboard; name = Base; path = Base.lproj/Main.storyboard; sourceTree = "<group>"; };
		6B66D3131C3B8AAF00D4092F /* Assets.xcassets */ = {isa = PBXFileReference; lastKnownFileType = folder.assetcatalog; path = Assets.xcassets; sourceTree = "<group>"; };
		6B66D3161C3B8AAF00D4092F /* Base */ = {isa = PBXFileReference; lastKnownFileType = file.storyboard; name = Base; path = Base.lproj/LaunchScreen.storyboard; sourceTree = "<group>"; };
		6B66D3181C3B8AAF00D4092F /* Info.plist */ = {isa = PBXFileReference; lastKnownFileType = text.plist.xml; path = Info.plist; sourceTree = "<group>"; };
/* End PBXFileReference section */

/* Begin PBXFrameworksBuildPhase section */
		6B66D3061C3B8AAE00D4092F /* Frameworks */ = {
			isa = PBXFrameworksBuildPhase;
			buildActionMask = 2147483647;
			files = (
			);
			runOnlyForDeploymentPostprocessing = 0;
		};
/* End PBXFrameworksBuildPhase section */

/* Begin PBXGroup section */
		6B66D3001C3B8AAE00D4092F = {
			isa = PBXGroup;
			children = (
				6B66D30B1C3B8AAE00D4092F /* SwiftUIAlertController */,
				6B66D30A1C3B8AAE00D4092F /* Products */,
			);
			sourceTree = "<group>";
		};
		6B66D30A1C3B8AAE00D4092F /* Products */ = {
			isa = PBXGroup;
			children = (
				6B66D3091C3B8AAE00D4092F /* SwiftUIAlertController.app */,
			);
			name = Products;
			sourceTree = "<group>";
		};
		6B66D30B1C3B8AAE00D4092F /* SwiftUIAlertController */ = {
			isa = PBXGroup;
			children = (
				6B66D30C1C3B8AAE00D4092F /* AppDelegate.swift */,
				6B66D30E1C3B8AAE00D4092F /* ViewController.swift */,
				6B66D3101C3B8AAF00D4092F /* Main.storyboard */,
				6B66D3131C3B8AAF00D4092F /* Assets.xcassets */,
				6B66D3151C3B8AAF00D4092F /* LaunchScreen.storyboard */,
				6B66D3181C3B8AAF00D4092F /* Info.plist */,
			);
			path = SwiftUIAlertController;
			sourceTree = "<group>";
		};
/* End PBXGroup section */

/* Begin PBXNativeTarget section */
		6B66D3081C3B8AAE00D4092F /* SwiftUIAlertController */ = {
			isa = PBXNativeTarget;
			buildConfigurationList = 6B66D31B1C3B8AAF00D4092F /* Build configuration list for PBXNativeTarget "SwiftUIAlertController" */;
			buildPhases = (
				6B66D3051C3B8AAE00D4092F /* Sources */,
				6B66D3061C3B8AAE00D4092F /* Frameworks */,
				6B66D3071C3B8AAE00D4092F /* Resources */,
			);
			buildRules = (
			);
			dependencies = (
			);
			name = SwiftUIAlertController;
			productName = SwiftUIAlertController;
			productReference = 6B66D3091C3B8AAE00D4092F /* SwiftUIAlertController.app */;
			productType = "com.apple.product-type.application";
		};
/* End PBXNativeTarget section */

/* Begin PBXProject section */
		6B66D3011C3B8AAE00D4092F /* Project object */ = {
			isa = PBXProject;
			attributes = {
				LastSwiftUpdateCheck = 0720;
				LastUpgradeCheck = 0720;
				ORGANIZATIONNAME = kl;
				TargetAttributes = {
					6B66D3081C3B8AAE00D4092F = {
						CreatedOnToolsVersion = 7.2;
					};
				};
			};
			buildConfigurationList = 6B66D3041C3B8AAE00D4092F /* Build configuration list for PBXProject "SwiftUIAlertController" */;
			compatibilityVersion = "Xcode 3.2";
			developmentRegion = English;
			hasScannedForEncodings = 0;
			knownRegions = (
				en,
				Base,
			);
			mainGroup = 6B66D3001C3B8AAE00D4092F;
			productRefGroup = 6B66D30A1C3B8AAE00D4092F /* Products */;
			projectDirPath = "";
			projectRoot = "";
			targets = (
				6B66D3081C3B8AAE00D4092F /* SwiftUIAlertController */,
			);
		};
/* End PBXProject section */

/* Begin PBXResourcesBuildPhase section */
		6B66D3071C3B8AAE00D4092F /* Resources */ = {
			isa = PBXResourcesBuildPhase;
			buildActionMask = 2147483647;
			files = (
				6B66D3171C3B8AAF00D4092F /* LaunchScreen.storyboard in Resources */,
				6B66D3141C3B8AAF00D4092F /* Assets.xcassets in Resources */,
				6B66D3121C3B8AAF00D4092F /* Main.storyboard in Resources */,
			);
			runOnlyForDeploymentPostprocessing = 0;
		};
/* End PBXResourcesBuildPhase section */

/* Begin PBXSourcesBuildPhase section */
		6B66D3051C3B8AAE00D4092F /* Sources */ = {
			isa = PBXSourcesBuildPhase;
			buildActionMask = 2147483647;
			files = (
				6B66D30F1C3B8AAE00D4092F /* ViewController.swift in Sources */,
				6B66D30D1C3B8AAE00D4092F /* AppDelegate.swift in Sources */,
			);
			runOnlyForDeploymentPostprocessing = 0;
		};
/* End PBXSourcesBuildPhase section */

/* Begin PBXVariantGroup section */
		6B66D3101C3B8AAF00D4092F /* Main.storyboard */ = {
			isa = PBXVariantGroup;
			children = (
				6B66D3111C3B8AAF00D4092F /* Base */,
			);
			name = Main.storyboard;
			sourceTree = "<group>";
		};
		6B66D3151C3B8AAF00D4092F /* LaunchScreen.storyboard */ = {
			isa = PBXVariantGroup;
			children = (
				6B66D3161C3B8AAF00D4092F /* Base */,
			);
			name = LaunchScreen.storyboard;
			sourceTree = "<group>";
		};
/* End PBXVariantGroup section */

/* Begin XCBuildConfiguration section */
		6B66D3191C3B8AAF00D4092F /* Debug */ = {
			isa = XCBuildConfiguration;
			buildSettings = {
				ALWAYS_SEARCH_USER_PATHS = NO;
				CLANG_CXX_LANGUAGE_STANDARD = "gnu++0x";
				CLANG_CXX_LIBRARY = "libc++";
				CLANG_ENABLE_MODULES = YES;
				CLANG_ENABLE_OBJC_ARC = YES;
				CLANG_WARN_BOOL_CONVERSION = YES;
				CLANG_WARN_CONSTANT_CONVERSION = YES;
				CLANG_WARN_DIRECT_OBJC_ISA_USAGE = YES_ERROR;
				CLANG_WARN_EMPTY_BODY = YES;
				CLANG_WARN_ENUM_CONVERSION = YES;
				CLANG_WARN_INT_CONVERSION = YES;
				CLANG_WARN_OBJC_ROOT_CLASS = YES_ERROR;
				CLANG_WARN_UNREACHABLE_CODE = YES;
				CLANG_WARN__DUPLICATE_METHOD_MATCH = YES;
				"CODE_SIGN_IDENTITY[sdk=iphoneos*]" = "iPhone Developer";
				COPY_PHASE_STRIP = NO;
				DEBUG_INFORMATION_FORMAT = dwarf;
				ENABLE_STRICT_OBJC_MSGSEND = YES;
				ENABLE_TESTABILITY = YES;
				GCC_C_LANGUAGE_STANDARD = gnu99;
				GCC_DYNAMIC_NO_PIC = NO;
				GCC_NO_COMMON_BLOCKS = YES;
				GCC_OPTIMIZATION_LEVEL = 0;
				GCC_PREPROCESSOR_DEFINITIONS = (
					"DEBUG=1",
					"$(inherited)",
				);
				GCC_WARN_64_TO_32_BIT_CONVERSION = YES;
				GCC_WARN_ABOUT_RETURN_TYPE = YES_ERROR;
				GCC_WARN_UNDECLARED_SELECTOR = YES;
				GCC_WARN_UNINITIALIZED_AUTOS = YES_AGGRESSIVE;
				GCC_WARN_UNUSED_FUNCTION = YES;
				GCC_WARN_UNUSED_VARIABLE = YES;
				IPHONEOS_DEPLOYMENT_TARGET = 9.2;
				MTL_ENABLE_DEBUG_INFO = YES;
				ONLY_ACTIVE_ARCH = YES;
				SDKROOT = iphoneos;
				SWIFT_OPTIMIZATION_LEVEL = "-Onone";
			};
			name = Debug;
		};
		6B66D31A1C3B8AAF00D4092F /* Release */ = {
			isa = XCBuildConfiguration;
			buildSettings = {
				ALWAYS_SEARCH_USER_PATHS = NO;
				CLANG_CXX_LANGUAGE_STANDARD = "gnu++0x";
				CLANG_CXX_LIBRARY = "libc++";
				CLANG_ENABLE_MODULES = YES;
				CLANG_ENABLE_OBJC_ARC = YES;
				CLANG_WARN_BOOL_CONVERSION = YES;
				CLANG_WARN_CONSTANT_CONVERSION = YES;
				CLANG_WARN_DIRECT_OBJC_ISA_USAGE = YES_ERROR;
				CLANG_WARN_EMPTY_BODY = YES;
				CLANG_WARN_ENUM_CONVERSION = YES;
				CLANG_WARN_INT_CONVERSION = YES;
				CLANG_WARN_OBJC_ROOT_CLASS = YES_ERROR;
				CLANG_WARN_UNREACHABLE_CODE = YES;
				CLANG_WARN__DUPLICATE_METHOD_MATCH = YES;
				"CODE_SIGN_IDENTITY[sdk=iphoneos*]" = "iPhone Developer";
				COPY_PHASE_STRIP = NO;
				DEBUG_INFORMATION_FORMAT = "dwarf-with-dsym";
				ENABLE_NS_ASSERTIONS = NO;
				ENABLE_STRICT_OBJC_MSGSEND = YES;
				GCC_C_LANGUAGE_STANDARD = gnu99;
				GCC_NO_COMMON_BLOCKS = YES;
				GCC_WARN_64_TO_32_BIT_CONVERSION = YES;
				GCC_WARN_ABOUT_RETURN_TYPE = YES_ERROR;
				GCC_WARN_UNDECLARED_SELECTOR = YES;
				GCC_WARN_UNINITIALIZED_AUTOS = YES_AGGRESSIVE;
				GCC_WARN_UNUSED_FUNCTION = YES;
				GCC_WARN_UNUSED_VARIABLE = YES;
				IPHONEOS_DEPLOYMENT_TARGET = 9.2;
				MTL_ENABLE_DEBUG_INFO = NO;
				SDKROOT = iphoneos;
				VALIDATE_PRODUCT = YES;
			};
			name = Release;
		};
		6B66D31C1C3B8AAF00D4092F /* Debug */ = {
			isa = XCBuildConfiguration;
			buildSettings = {
				ASSETCATALOG_COMPILER_APPICON_NAME = AppIcon;
				INFOPLIST_FILE = SwiftUIAlertController/Info.plist;
				LD_RUNPATH_SEARCH_PATHS = "$(inherited) @executable_path/Frameworks";
				PRODUCT_BUNDLE_IDENTIFIER = org.kl.SwiftUIAlertController;
				PRODUCT_NAME = "$(TARGET_NAME)";
			};
			name = Debug;
		};
		6B66D31D1C3B8AAF00D4092F /* Release */ = {
			isa = XCBuildConfiguration;
			buildSettings = {
				ASSETCATALOG_COMPILER_APPICON_NAME = AppIcon;
				INFOPLIST_FILE = SwiftUIAlertController/Info.plist;
				LD_RUNPATH_SEARCH_PATHS = "$(inherited) @executable_path/Frameworks";
				PRODUCT_BUNDLE_IDENTIFIER = org.kl.SwiftUIAlertController;
				PRODUCT_NAME = "$(TARGET_NAME)";
			};
			name = Release;
		};
/* End XCBuildConfiguration section */

/* Begin XCConfigurationList section */
		6B66D3041C3B8AAE00D4092F /* Build configuration list for PBXProject "SwiftUIAlertController" */ = {
			isa = XCConfigurationList;
			buildConfigurations = (
				6B66D3191C3B8AAF00D4092F /* Debug */,
				6B66D31A1C3B8AAF00D4092F /* Release */,
			);
			defaultConfigurationIsVisible = 0;
			defaultConfigurationName = Release;
		};
		6B66D31B1C3B8AAF00D4092F /* Build configuration list for PBXNativeTarget "SwiftUIAlertController" */ = {
			isa = XCConfigurationList;
			buildConfigurations = (
				6B66D31C1C3B8AAF00D4092F /* Debug */,
				6B66D31D1C3B8AAF00D4092F /* Release */,
			);
			defaultConfigurationIsVisible = 0;
		};
/* End XCConfigurationList section */
	};
	rootObject = 6B66D3011C3B8AAE00D4092F /* Project object */;
}
