// !$*UTF8*$!
{
	archiveVersion = 1;
	classes = {
	};
	objectVersion = 46;
	objects = {

/* Begin PBXBuildFile section */
		6B2093751C25AB8700D65BAB /* AppDelegate.swift in Sources */ = {isa = PBXBuildFile; fileRef = 6B2093741C25AB8700D65BAB /* AppDelegate.swift */; };
		6B2093771C25AB8700D65BAB /* ViewController.swift in Sources */ = {isa = PBXBuildFile; fileRef = 6B2093761C25AB8700D65BAB /* ViewController.swift */; };
		6B20937A1C25AB8700D65BAB /* Main.storyboard in Resources */ = {isa = PBXBuildFile; fileRef = 6B2093781C25AB8700D65BAB /* Main.storyboard */; };
		6B20937C1C25AB8700D65BAB /* Assets.xcassets in Resources */ = {isa = PBXBuildFile; fileRef = 6B20937B1C25AB8700D65BAB /* Assets.xcassets */; };
		6B20937F1C25AB8700D65BAB /* LaunchScreen.storyboard in Resources */ = {isa = PBXBuildFile; fileRef = 6B20937D1C25AB8700D65BAB /* LaunchScreen.storyboard */; };
		6B2093871C25ABDA00D65BAB /* dragon.jpg in Resources */ = {isa = PBXBuildFile; fileRef = 6B2093861C25ABDA00D65BAB /* dragon.jpg */; };
/* End PBXBuildFile section */

/* Begin PBXFileReference section */
		6B2093711C25AB8700D65BAB /* Game.app */ = {isa = PBXFileReference; explicitFileType = wrapper.application; includeInIndex = 0; path = Game.app; sourceTree = BUILT_PRODUCTS_DIR; };
		6B2093741C25AB8700D65BAB /* AppDelegate.swift */ = {isa = PBXFileReference; lastKnownFileType = sourcecode.swift; path = AppDelegate.swift; sourceTree = "<group>"; };
		6B2093761C25AB8700D65BAB /* ViewController.swift */ = {isa = PBXFileReference; lastKnownFileType = sourcecode.swift; path = ViewController.swift; sourceTree = "<group>"; };
		6B2093791C25AB8700D65BAB /* Base */ = {isa = PBXFileReference; lastKnownFileType = file.storyboard; name = Base; path = Base.lproj/Main.storyboard; sourceTree = "<group>"; };
		6B20937B1C25AB8700D65BAB /* Assets.xcassets */ = {isa = PBXFileReference; lastKnownFileType = folder.assetcatalog; path = Assets.xcassets; sourceTree = "<group>"; };
		6B20937E1C25AB8700D65BAB /* Base */ = {isa = PBXFileReference; lastKnownFileType = file.storyboard; name = Base; path = Base.lproj/LaunchScreen.storyboard; sourceTree = "<group>"; };
		6B2093801C25AB8700D65BAB /* Info.plist */ = {isa = PBXFileReference; lastKnownFileType = text.plist.xml; path = Info.plist; sourceTree = "<group>"; };
		6B2093861C25ABDA00D65BAB /* dragon.jpg */ = {isa = PBXFileReference; lastKnownFileType = image.jpeg; path = dragon.jpg; sourceTree = "<group>"; };
/* End PBXFileReference section */

/* Begin PBXFrameworksBuildPhase section */
		6B20936E1C25AB8600D65BAB /* Frameworks */ = {
			isa = PBXFrameworksBuildPhase;
			buildActionMask = 2147483647;
			files = (
			);
			runOnlyForDeploymentPostprocessing = 0;
		};
/* End PBXFrameworksBuildPhase section */

/* Begin PBXGroup section */
		6B2093681C25AB8600D65BAB = {
			isa = PBXGroup;
			children = (
				6B2093731C25AB8700D65BAB /* Game */,
				6B2093721C25AB8700D65BAB /* Products */,
			);
			sourceTree = "<group>";
		};
		6B2093721C25AB8700D65BAB /* Products */ = {
			isa = PBXGroup;
			children = (
				6B2093711C25AB8700D65BAB /* Game.app */,
			);
			name = Products;
			sourceTree = "<group>";
		};
		6B2093731C25AB8700D65BAB /* Game */ = {
			isa = PBXGroup;
			children = (
				6B2093741C25AB8700D65BAB /* AppDelegate.swift */,
				6B2093761C25AB8700D65BAB /* ViewController.swift */,
				6B2093781C25AB8700D65BAB /* Main.storyboard */,
				6B20937B1C25AB8700D65BAB /* Assets.xcassets */,
				6B2093861C25ABDA00D65BAB /* dragon.jpg */,
				6B20937D1C25AB8700D65BAB /* LaunchScreen.storyboard */,
				6B2093801C25AB8700D65BAB /* Info.plist */,
			);
			path = Game;
			sourceTree = "<group>";
		};
/* End PBXGroup section */

/* Begin PBXNativeTarget section */
		6B2093701C25AB8600D65BAB /* Game */ = {
			isa = PBXNativeTarget;
			buildConfigurationList = 6B2093831C25AB8700D65BAB /* Build configuration list for PBXNativeTarget "Game" */;
			buildPhases = (
				6B20936D1C25AB8600D65BAB /* Sources */,
				6B20936E1C25AB8600D65BAB /* Frameworks */,
				6B20936F1C25AB8600D65BAB /* Resources */,
			);
			buildRules = (
			);
			dependencies = (
			);
			name = Game;
			productName = Game;
			productReference = 6B2093711C25AB8700D65BAB /* Game.app */;
			productType = "com.apple.product-type.application";
		};
/* End PBXNativeTarget section */

/* Begin PBXProject section */
		6B2093691C25AB8600D65BAB /* Project object */ = {
			isa = PBXProject;
			attributes = {
				LastSwiftUpdateCheck = 0720;
				LastUpgradeCheck = 0720;
				ORGANIZATIONNAME = kl;
				TargetAttributes = {
					6B2093701C25AB8600D65BAB = {
						CreatedOnToolsVersion = 7.2;
						DevelopmentTeam = 9LX3DSVSDD;
					};
				};
			};
			buildConfigurationList = 6B20936C1C25AB8600D65BAB /* Build configuration list for PBXProject "Game" */;
			compatibilityVersion = "Xcode 3.2";
			developmentRegion = English;
			hasScannedForEncodings = 0;
			knownRegions = (
				en,
				Base,
			);
			mainGroup = 6B2093681C25AB8600D65BAB;
			productRefGroup = 6B2093721C25AB8700D65BAB /* Products */;
			projectDirPath = "";
			projectRoot = "";
			targets = (
				6B2093701C25AB8600D65BAB /* Game */,
			);
		};
/* End PBXProject section */

/* Begin PBXResourcesBuildPhase section */
		6B20936F1C25AB8600D65BAB /* Resources */ = {
			isa = PBXResourcesBuildPhase;
			buildActionMask = 2147483647;
			files = (
				6B20937F1C25AB8700D65BAB /* LaunchScreen.storyboard in Resources */,
				6B2093871C25ABDA00D65BAB /* dragon.jpg in Resources */,
				6B20937C1C25AB8700D65BAB /* Assets.xcassets in Resources */,
				6B20937A1C25AB8700D65BAB /* Main.storyboard in Resources */,
			);
			runOnlyForDeploymentPostprocessing = 0;
		};
/* End PBXResourcesBuildPhase section */

/* Begin PBXSourcesBuildPhase section */
		6B20936D1C25AB8600D65BAB /* Sources */ = {
			isa = PBXSourcesBuildPhase;
			buildActionMask = 2147483647;
			files = (
				6B2093771C25AB8700D65BAB /* ViewController.swift in Sources */,
				6B2093751C25AB8700D65BAB /* AppDelegate.swift in Sources */,
			);
			runOnlyForDeploymentPostprocessing = 0;
		};
/* End PBXSourcesBuildPhase section */

/* Begin PBXVariantGroup section */
		6B2093781C25AB8700D65BAB /* Main.storyboard */ = {
			isa = PBXVariantGroup;
			children = (
				6B2093791C25AB8700D65BAB /* Base */,
			);
			name = Main.storyboard;
			sourceTree = "<group>";
		};
		6B20937D1C25AB8700D65BAB /* LaunchScreen.storyboard */ = {
			isa = PBXVariantGroup;
			children = (
				6B20937E1C25AB8700D65BAB /* Base */,
			);
			name = LaunchScreen.storyboard;
			sourceTree = "<group>";
		};
/* End PBXVariantGroup section */

/* Begin XCBuildConfiguration section */
		6B2093811C25AB8700D65BAB /* Debug */ = {
			isa = XCBuildConfiguration;
			buildSettings = {
				ALWAYS_SEARCH_USER_PATHS = NO;
				CLANG_CXX_LANGUAGE_STANDARD = "gnu++0x";
				CLANG_CXX_LIBRARY = "libc++";
				CLANG_ENABLE_MODULES = YES;
				CLANG_ENABLE_OBJC_ARC = YES;
				CLANG_WARN_BOOL_CONVERSION = YES;
				CLANG_WARN_CONSTANT_CONVERSION = YES;
				CLANG_WARN_DIRECT_OBJC_ISA_USAGE = YES_ERROR;
				CLANG_WARN_EMPTY_BODY = YES;
				CLANG_WARN_ENUM_CONVERSION = YES;
				CLANG_WARN_INT_CONVERSION = YES;
				CLANG_WARN_OBJC_ROOT_CLASS = YES_ERROR;
				CLANG_WARN_UNREACHABLE_CODE = YES;
				CLANG_WARN__DUPLICATE_METHOD_MATCH = YES;
				"CODE_SIGN_IDENTITY[sdk=iphoneos*]" = "iPhone Developer";
				COPY_PHASE_STRIP = NO;
				DEBUG_INFORMATION_FORMAT = dwarf;
				ENABLE_STRICT_OBJC_MSGSEND = YES;
				ENABLE_TESTABILITY = YES;
				GCC_C_LANGUAGE_STANDARD = gnu99;
				GCC_DYNAMIC_NO_PIC = NO;
				GCC_NO_COMMON_BLOCKS = YES;
				GCC_OPTIMIZATION_LEVEL = 0;
				GCC_PREPROCESSOR_DEFINITIONS = (
					"DEBUG=1",
					"$(inherited)",
				);
				GCC_WARN_64_TO_32_BIT_CONVERSION = YES;
				GCC_WARN_ABOUT_RETURN_TYPE = YES_ERROR;
				GCC_WARN_UNDECLARED_SELECTOR = YES;
				GCC_WARN_UNINITIALIZED_AUTOS = YES_AGGRESSIVE;
				GCC_WARN_UNUSED_FUNCTION = YES;
				GCC_WARN_UNUSED_VARIABLE = YES;
				IPHONEOS_DEPLOYMENT_TARGET = 9.2;
				MTL_ENABLE_DEBUG_INFO = YES;
				ONLY_ACTIVE_ARCH = YES;
				SDKROOT = iphoneos;
				SWIFT_OPTIMIZATION_LEVEL = "-Onone";
			};
			name = Debug;
		};
		6B2093821C25AB8700D65BAB /* Release */ = {
			isa = XCBuildConfiguration;
			buildSettings = {
				ALWAYS_SEARCH_USER_PATHS = NO;
				CLANG_CXX_LANGUAGE_STANDARD = "gnu++0x";
				CLANG_CXX_LIBRARY = "libc++";
				CLANG_ENABLE_MODULES = YES;
				CLANG_ENABLE_OBJC_ARC = YES;
				CLANG_WARN_BOOL_CONVERSION = YES;
				CLANG_WARN_CONSTANT_CONVERSION = YES;
				CLANG_WARN_DIRECT_OBJC_ISA_USAGE = YES_ERROR;
				CLANG_WARN_EMPTY_BODY = YES;
				CLANG_WARN_ENUM_CONVERSION = YES;
				CLANG_WARN_INT_CONVERSION = YES;
				CLANG_WARN_OBJC_ROOT_CLASS = YES_ERROR;
				CLANG_WARN_UNREACHABLE_CODE = YES;
				CLANG_WARN__DUPLICATE_METHOD_MATCH = YES;
				"CODE_SIGN_IDENTITY[sdk=iphoneos*]" = "iPhone Developer";
				COPY_PHASE_STRIP = NO;
				DEBUG_INFORMATION_FORMAT = "dwarf-with-dsym";
				ENABLE_NS_ASSERTIONS = NO;
				ENABLE_STRICT_OBJC_MSGSEND = YES;
				GCC_C_LANGUAGE_STANDARD = gnu99;
				GCC_NO_COMMON_BLOCKS = YES;
				GCC_WARN_64_TO_32_BIT_CONVERSION = YES;
				GCC_WARN_ABOUT_RETURN_TYPE = YES_ERROR;
				GCC_WARN_UNDECLARED_SELECTOR = YES;
				GCC_WARN_UNINITIALIZED_AUTOS = YES_AGGRESSIVE;
				GCC_WARN_UNUSED_FUNCTION = YES;
				GCC_WARN_UNUSED_VARIABLE = YES;
				IPHONEOS_DEPLOYMENT_TARGET = 9.2;
				MTL_ENABLE_DEBUG_INFO = NO;
				SDKROOT = iphoneos;
				VALIDATE_PRODUCT = YES;
			};
			name = Release;
		};
		6B2093841C25AB8700D65BAB /* Debug */ = {
			isa = XCBuildConfiguration;
			buildSettings = {
				ASSETCATALOG_COMPILER_APPICON_NAME = AppIcon;
				INFOPLIST_FILE = Game/Info.plist;
				LD_RUNPATH_SEARCH_PATHS = "$(inherited) @executable_path/Frameworks";
				PRODUCT_BUNDLE_IDENTIFIER = edu.kl.Game;
				PRODUCT_NAME = "$(TARGET_NAME)";
				TARGETED_DEVICE_FAMILY = 2;
			};
			name = Debug;
		};
		6B2093851C25AB8700D65BAB /* Release */ = {
			isa = XCBuildConfiguration;
			buildSettings = {
				ASSETCATALOG_COMPILER_APPICON_NAME = AppIcon;
				INFOPLIST_FILE = Game/Info.plist;
				LD_RUNPATH_SEARCH_PATHS = "$(inherited) @executable_path/Frameworks";
				PRODUCT_BUNDLE_IDENTIFIER = edu.kl.Game;
				PRODUCT_NAME = "$(TARGET_NAME)";
				TARGETED_DEVICE_FAMILY = 2;
			};
			name = Release;
		};
/* End XCBuildConfiguration section */

/* Begin XCConfigurationList section */
		6B20936C1C25AB8600D65BAB /* Build configuration list for PBXProject "Game" */ = {
			isa = XCConfigurationList;
			buildConfigurations = (
				6B2093811C25AB8700D65BAB /* Debug */,
				6B2093821C25AB8700D65BAB /* Release */,
			);
			defaultConfigurationIsVisible = 0;
			defaultConfigurationName = Release;
		};
		6B2093831C25AB8700D65BAB /* Build configuration list for PBXNativeTarget "Game" */ = {
			isa = XCConfigurationList;
			buildConfigurations = (
				6B2093841C25AB8700D65BAB /* Debug */,
				6B2093851C25AB8700D65BAB /* Release */,
			);
			defaultConfigurationIsVisible = 0;
			defaultConfigurationName = Release;
		};
/* End XCConfigurationList section */
	};
	rootObject = 6B2093691C25AB8600D65BAB /* Project object */;
}
